
Microsoft Visual Studio Solution File, Format Version 12.00
# Visual Studio Version 16
VisualStudioVersion = 16.0.28803.202
MinimumVisualStudioVersion = 10.0.40219.1
Project("{FAE04EC0-301F-11D3-BF4B-00C04F79EFBC}") = "BooksApi", "BooksApi\BooksApi.csproj", "{2313CB46-9203-4C4A-ACE3-F5AE4E0A559C}"
EndProject
Global
	GlobalSection(SolutionConfigurationPlatforms) = preSolution
		Debug|Any CPU = Debug|Any CPU
		Release|Any CPU = Release|Any CPU
	EndGlobalSection
	GlobalSection(ProjectConfigurationPlatforms) = postSolution
		{2313CB46-9203-4C4A-ACE3-F5AE4E0A559C}.Debug|Any CPU.ActiveCfg = Debug|Any CPU
		{2313CB46-9203-4C4A-ACE3-F5AE4E0A559C}.Debug|Any CPU.Build.0 = Debug|Any CPU
		{2313CB46-9203-4C4A-ACE3-F5AE4E0A559C}.Release|Any CPU.ActiveCfg = Release|Any CPU
		{2313CB46-9203-4C4A-ACE3-F5AE4E0A559C}.Release|Any CPU.Build.0 = Release|Any CPU
	EndGlobalSection
	GlobalSection(SolutionProperties) = preSolution
		HideSolutionNode = FALSE
	EndGlobalSection
	GlobalSection(ExtensibilityGlobals) = postSolution
		SolutionGuid = {98660564-66DD-424F-9AE6-199B296C99A4}
	EndGlobalSection
EndGlobal
